// !$*UTF8*$!
{
	archiveVersion = 1;
	classes = {
	};
	objectVersion = 46;
	objects = {

/* Begin PBXBuildFile section */
		2428B6D41DE914730005ABE1 /* main.cpp in Sources */ = {isa = PBXBuildFile; fileRef = 2428B6D31DE914730005ABE1 /* main.cpp */; };
		2428B6DC1DE9149E0005ABE1 /* SimpleObject.cpp in Sources */ = {isa = PBXBuildFile; fileRef = 2428B6DA1DE9149E0005ABE1 /* SimpleObject.cpp */; };
		2428B6DF1DE9150F0005ABE1 /* Vec3f.cpp in Sources */ = {isa = PBXBuildFile; fileRef = 2428B6DD1DE9150F0005ABE1 /* Vec3f.cpp */; };
		2468C4071DEE776A00E1975C /* libopencv_calib3d.2.4.13.dylib in Frameworks */ = {isa = PBXBuildFile; fileRef = 2468C3D11DEE776A00E1975C /* libopencv_calib3d.2.4.13.dylib */; };
		2468C4081DEE776A00E1975C /* libopencv_contrib.2.4.13.dylib in Frameworks */ = {isa = PBXBuildFile; fileRef = 2468C3D21DEE776A00E1975C /* libopencv_contrib.2.4.13.dylib */; };
		2468C4091DEE776A00E1975C /* libopencv_core.2.4.13.dylib in Frameworks */ = {isa = PBXBuildFile; fileRef = 2468C3D31DEE776A00E1975C /* libopencv_core.2.4.13.dylib */; };
		2468C40A1DEE776A00E1975C /* libopencv_features2d.2.4.13.dylib in Frameworks */ = {isa = PBXBuildFile; fileRef = 2468C3D41DEE776A00E1975C /* libopencv_features2d.2.4.13.dylib */; };
		2468C40B1DEE776A00E1975C /* libopencv_flann.2.4.13.dylib in Frameworks */ = {isa = PBXBuildFile; fileRef = 2468C3D51DEE776A00E1975C /* libopencv_flann.2.4.13.dylib */; };
		2468C40C1DEE776A00E1975C /* libopencv_gpu.2.4.13.dylib in Frameworks */ = {isa = PBXBuildFile; fileRef = 2468C3D61DEE776A00E1975C /* libopencv_gpu.2.4.13.dylib */; };
		2468C40D1DEE776A00E1975C /* libopencv_highgui.2.4.13.dylib in Frameworks */ = {isa = PBXBuildFile; fileRef = 2468C3D71DEE776A00E1975C /* libopencv_highgui.2.4.13.dylib */; };
		2468C40E1DEE776A00E1975C /* libopencv_imgproc.2.4.13.dylib in Frameworks */ = {isa = PBXBuildFile; fileRef = 2468C3D81DEE776A00E1975C /* libopencv_imgproc.2.4.13.dylib */; };
		2468C40F1DEE776A00E1975C /* libopencv_legacy.2.4.13.dylib in Frameworks */ = {isa = PBXBuildFile; fileRef = 2468C3D91DEE776A00E1975C /* libopencv_legacy.2.4.13.dylib */; };
		2468C4101DEE776A00E1975C /* libopencv_ml.2.4.13.dylib in Frameworks */ = {isa = PBXBuildFile; fileRef = 2468C3DA1DEE776A00E1975C /* libopencv_ml.2.4.13.dylib */; };
		2468C4111DEE776A00E1975C /* libopencv_nonfree.2.4.13.dylib in Frameworks */ = {isa = PBXBuildFile; fileRef = 2468C3DB1DEE776A00E1975C /* libopencv_nonfree.2.4.13.dylib */; };
		2468C4121DEE776A00E1975C /* libopencv_objdetect.2.4.13.dylib in Frameworks */ = {isa = PBXBuildFile; fileRef = 2468C3DC1DEE776A00E1975C /* libopencv_objdetect.2.4.13.dylib */; };
		2468C4131DEE776A00E1975C /* libopencv_ocl.2.4.13.dylib in Frameworks */ = {isa = PBXBuildFile; fileRef = 2468C3DD1DEE776A00E1975C /* libopencv_ocl.2.4.13.dylib */; };
		2468C4141DEE776A00E1975C /* libopencv_photo.2.4.13.dylib in Frameworks */ = {isa = PBXBuildFile; fileRef = 2468C3DE1DEE776A00E1975C /* libopencv_photo.2.4.13.dylib */; };
		2468C4151DEE776A00E1975C /* libopencv_stitching.2.4.13.dylib in Frameworks */ = {isa = PBXBuildFile; fileRef = 2468C3DF1DEE776A00E1975C /* libopencv_stitching.2.4.13.dylib */; };
		2468C4161DEE776A00E1975C /* libopencv_superres.2.4.13.dylib in Frameworks */ = {isa = PBXBuildFile; fileRef = 2468C3E01DEE776A00E1975C /* libopencv_superres.2.4.13.dylib */; };
		2468C4171DEE776A00E1975C /* libopencv_video.2.4.13.dylib in Frameworks */ = {isa = PBXBuildFile; fileRef = 2468C3E11DEE776A00E1975C /* libopencv_video.2.4.13.dylib */; };
		2468C4181DEE776A00E1975C /* libopencv_videostab.2.4.13.dylib in Frameworks */ = {isa = PBXBuildFile; fileRef = 2468C3E21DEE776A00E1975C /* libopencv_videostab.2.4.13.dylib */; };
		2468C4191DEE776A00E1975C /* libopencv_calib3d.2.4.13.dylib in Frameworks */ = {isa = PBXBuildFile; fileRef = 2468C3E31DEE776A00E1975C /* libopencv_calib3d.2.4.13.dylib */; };
		2468C41A1DEE776A00E1975C /* libopencv_calib3d.2.4.13.dylib in Frameworks */ = {isa = PBXBuildFile; fileRef = 2468C3E41DEE776A00E1975C /* libopencv_calib3d.2.4.13.dylib */; };
		2468C41B1DEE776A00E1975C /* libopencv_contrib.2.4.13.dylib in Frameworks */ = {isa = PBXBuildFile; fileRef = 2468C3E51DEE776A00E1975C /* libopencv_contrib.2.4.13.dylib */; };
		2468C41C1DEE776A00E1975C /* libopencv_contrib.2.4.13.dylib in Frameworks */ = {isa = PBXBuildFile; fileRef = 2468C3E61DEE776A00E1975C /* libopencv_contrib.2.4.13.dylib */; };
		2468C41D1DEE776A00E1975C /* libopencv_core.2.4.13.dylib in Frameworks */ = {isa = PBXBuildFile; fileRef = 2468C3E71DEE776A00E1975C /* libopencv_core.2.4.13.dylib */; };
		2468C41E1DEE776A00E1975C /* libopencv_features2d.2.4.13.dylib in Frameworks */ = {isa = PBXBuildFile; fileRef = 2468C3E81DEE776A00E1975C /* libopencv_features2d.2.4.13.dylib */; };
		2468C41F1DEE776A00E1975C /* libopencv_features2d.2.4.13.dylib in Frameworks */ = {isa = PBXBuildFile; fileRef = 2468C3E91DEE776A00E1975C /* libopencv_features2d.2.4.13.dylib */; };
		2468C4201DEE776A00E1975C /* libopencv_flann.2.4.13.dylib in Frameworks */ = {isa = PBXBuildFile; fileRef = 2468C3EA1DEE776A00E1975C /* libopencv_flann.2.4.13.dylib */; };
		2468C4211DEE776A00E1975C /* libopencv_flann.2.4.13.dylib in Frameworks */ = {isa = PBXBuildFile; fileRef = 2468C3EB1DEE776A00E1975C /* libopencv_flann.2.4.13.dylib */; };
		2468C4221DEE776A00E1975C /* libopencv_gpu.2.4.13.dylib in Frameworks */ = {isa = PBXBuildFile; fileRef = 2468C3EC1DEE776A00E1975C /* libopencv_gpu.2.4.13.dylib */; };
		2468C4231DEE776A00E1975C /* libopencv_gpu.2.4.13.dylib in Frameworks */ = {isa = PBXBuildFile; fileRef = 2468C3ED1DEE776A00E1975C /* libopencv_gpu.2.4.13.dylib */; };
		2468C4241DEE776A00E1975C /* libopencv_highgui.2.4.13.dylib in Frameworks */ = {isa = PBXBuildFile; fileRef = 2468C3EE1DEE776A00E1975C /* libopencv_highgui.2.4.13.dylib */; };
		2468C4251DEE776A00E1975C /* libopencv_highgui.2.4.13.dylib in Frameworks */ = {isa = PBXBuildFile; fileRef = 2468C3EF1DEE776A00E1975C /* libopencv_highgui.2.4.13.dylib */; };
		2468C4261DEE776A00E1975C /* libopencv_imgproc.2.4.13.dylib in Frameworks */ = {isa = PBXBuildFile; fileRef = 2468C3F01DEE776A00E1975C /* libopencv_imgproc.2.4.13.dylib */; };
		2468C4271DEE776A00E1975C /* libopencv_imgproc.2.4.13.dylib in Frameworks */ = {isa = PBXBuildFile; fileRef = 2468C3F11DEE776A00E1975C /* libopencv_imgproc.2.4.13.dylib */; };
		2468C4281DEE776A00E1975C /* libopencv_legacy.2.4.13.dylib in Frameworks */ = {isa = PBXBuildFile; fileRef = 2468C3F21DEE776A00E1975C /* libopencv_legacy.2.4.13.dylib */; };
		2468C4291DEE776A00E1975C /* libopencv_legacy.2.4.13.dylib in Frameworks */ = {isa = PBXBuildFile; fileRef = 2468C3F31DEE776A00E1975C /* libopencv_legacy.2.4.13.dylib */; };
		2468C42A1DEE776A00E1975C /* libopencv_ml.2.4.13.dylib in Frameworks */ = {isa = PBXBuildFile; fileRef = 2468C3F41DEE776A00E1975C /* libopencv_ml.2.4.13.dylib */; };
		2468C42B1DEE776A00E1975C /* libopencv_ml.2.4.13.dylib in Frameworks */ = {isa = PBXBuildFile; fileRef = 2468C3F51DEE776A00E1975C /* libopencv_ml.2.4.13.dylib */; };
		2468C42C1DEE776A00E1975C /* libopencv_nonfree.2.4.13.dylib in Frameworks */ = {isa = PBXBuildFile; fileRef = 2468C3F61DEE776A00E1975C /* libopencv_nonfree.2.4.13.dylib */; };
		2468C42D1DEE776A00E1975C /* libopencv_nonfree.2.4.13.dylib in Frameworks */ = {isa = PBXBuildFile; fileRef = 2468C3F71DEE776A00E1975C /* libopencv_nonfree.2.4.13.dylib */; };
		2468C42E1DEE776A00E1975C /* libopencv_objdetect.2.4.13.dylib in Frameworks */ = {isa = PBXBuildFile; fileRef = 2468C3F81DEE776A00E1975C /* libopencv_objdetect.2.4.13.dylib */; };
		2468C42F1DEE776A00E1975C /* libopencv_objdetect.2.4.13.dylib in Frameworks */ = {isa = PBXBuildFile; fileRef = 2468C3F91DEE776A00E1975C /* libopencv_objdetect.2.4.13.dylib */; };
		2468C4301DEE776A00E1975C /* libopencv_ocl.2.4.13.dylib in Frameworks */ = {isa = PBXBuildFile; fileRef = 2468C3FA1DEE776A00E1975C /* libopencv_ocl.2.4.13.dylib */; };
		2468C4311DEE776A00E1975C /* libopencv_ocl.2.4.13.dylib in Frameworks */ = {isa = PBXBuildFile; fileRef = 2468C3FB1DEE776A00E1975C /* libopencv_ocl.2.4.13.dylib */; };
		2468C4321DEE776A00E1975C /* libopencv_photo.2.4.13.dylib in Frameworks */ = {isa = PBXBuildFile; fileRef = 2468C3FC1DEE776A00E1975C /* libopencv_photo.2.4.13.dylib */; };
		2468C4331DEE776A00E1975C /* libopencv_photo.2.4.13.dylib in Frameworks */ = {isa = PBXBuildFile; fileRef = 2468C3FD1DEE776A00E1975C /* libopencv_photo.2.4.13.dylib */; };
		2468C4341DEE776A00E1975C /* libopencv_stitching.2.4.13.dylib in Frameworks */ = {isa = PBXBuildFile; fileRef = 2468C3FE1DEE776A00E1975C /* libopencv_stitching.2.4.13.dylib */; };
		2468C4351DEE776A00E1975C /* libopencv_stitching.2.4.13.dylib in Frameworks */ = {isa = PBXBuildFile; fileRef = 2468C3FF1DEE776A00E1975C /* libopencv_stitching.2.4.13.dylib */; };
		2468C4361DEE776A00E1975C /* libopencv_superres.2.4.13.dylib in Frameworks */ = {isa = PBXBuildFile; fileRef = 2468C4001DEE776A00E1975C /* libopencv_superres.2.4.13.dylib */; };
		2468C4371DEE776A00E1975C /* libopencv_superres.2.4.13.dylib in Frameworks */ = {isa = PBXBuildFile; fileRef = 2468C4011DEE776A00E1975C /* libopencv_superres.2.4.13.dylib */; };
		2468C4381DEE776A00E1975C /* libopencv_video.2.4.13.dylib in Frameworks */ = {isa = PBXBuildFile; fileRef = 2468C4021DEE776A00E1975C /* libopencv_video.2.4.13.dylib */; };
		2468C4391DEE776A00E1975C /* libopencv_video.2.4.13.dylib in Frameworks */ = {isa = PBXBuildFile; fileRef = 2468C4031DEE776A00E1975C /* libopencv_video.2.4.13.dylib */; };
		2468C43A1DEE776A00E1975C /* libopencv_videostab.2.4.13.dylib in Frameworks */ = {isa = PBXBuildFile; fileRef = 2468C4041DEE776A00E1975C /* libopencv_videostab.2.4.13.dylib */; };
		2468C43B1DEE776A00E1975C /* libopencv_videostab.2.4.13.dylib in Frameworks */ = {isa = PBXBuildFile; fileRef = 2468C4051DEE776A00E1975C /* libopencv_videostab.2.4.13.dylib */; };
		2468C43C1DEE776A00E1975C /* libopencv_core.2.4.13.dylib in Frameworks */ = {isa = PBXBuildFile; fileRef = 2468C4061DEE776A00E1975C /* libopencv_core.2.4.13.dylib */; };
/* End PBXBuildFile section */

/* Begin PBXCopyFilesBuildPhase section */
		2428B6CE1DE914730005ABE1 /* CopyFiles */ = {
			isa = PBXCopyFilesBuildPhase;
			buildActionMask = 2147483647;
			dstPath = /usr/share/man/man1/;
			dstSubfolderSpec = 0;
			files = (
			);
			runOnlyForDeploymentPostprocessing = 1;
		};
/* End PBXCopyFilesBuildPhase section */

/* Begin PBXFileReference section */
		2428B6D01DE914730005ABE1 /* mesh_simp */ = {isa = PBXFileReference; explicitFileType = "compiled.mach-o.executable"; includeInIndex = 0; path = mesh_simp; sourceTree = BUILT_PRODUCTS_DIR; };
		2428B6D31DE914730005ABE1 /* main.cpp */ = {isa = PBXFileReference; lastKnownFileType = sourcecode.cpp.cpp; path = main.cpp; sourceTree = "<group>"; };
		2428B6DA1DE9149E0005ABE1 /* SimpleObject.cpp */ = {isa = PBXFileReference; fileEncoding = 4; lastKnownFileType = sourcecode.cpp.cpp; path = SimpleObject.cpp; sourceTree = "<group>"; };
		2428B6DB1DE9149E0005ABE1 /* SimpleObject.h */ = {isa = PBXFileReference; fileEncoding = 4; lastKnownFileType = sourcecode.c.h; path = SimpleObject.h; sourceTree = "<group>"; };
		2428B6DD1DE9150F0005ABE1 /* Vec3f.cpp */ = {isa = PBXFileReference; fileEncoding = 4; lastKnownFileType = sourcecode.cpp.cpp; path = Vec3f.cpp; sourceTree = "<group>"; };
		2428B6DE1DE9150F0005ABE1 /* Vec3f.h */ = {isa = PBXFileReference; fileEncoding = 4; lastKnownFileType = sourcecode.c.h; path = Vec3f.h; sourceTree = "<group>"; };
		2428B6EF1DE91FF80005ABE1 /* Arma.obj */ = {isa = PBXFileReference; fileEncoding = 4; lastKnownFileType = text; path = Arma.obj; sourceTree = "<group>"; };
		2428B6F01DE91FF80005ABE1 /* sphere.obj */ = {isa = PBXFileReference; fileEncoding = 4; lastKnownFileType = text; path = sphere.obj; sourceTree = "<group>"; };
		2428B6F11DE91FF80005ABE1 /* block.obj */ = {isa = PBXFileReference; fileEncoding = 4; lastKnownFileType = text; path = block.obj; sourceTree = "<group>"; };
		2428B6F21DE91FF80005ABE1 /* rocker-arm.18k.obj */ = {isa = PBXFileReference; fileEncoding = 4; lastKnownFileType = text; path = "rocker-arm.18k.obj"; sourceTree = "<group>"; };
		2428B6F31DE91FF80005ABE1 /* fandisk.18k.obj */ = {isa = PBXFileReference; fileEncoding = 4; lastKnownFileType = text; path = fandisk.18k.obj; sourceTree = "<group>"; };
		2428B6F41DE91FF80005ABE1 /* bunny.fine.obj */ = {isa = PBXFileReference; fileEncoding = 4; lastKnownFileType = text; path = bunny.fine.obj; sourceTree = "<group>"; };
		2428B6F51DE91FF80005ABE1 /* dinosaur.2k.obj */ = {isa = PBXFileReference; fileEncoding = 4; lastKnownFileType = text; path = dinosaur.2k.obj; sourceTree = "<group>"; };
		2428B6F61DE91FF80005ABE1 /* horse.fine.90k.obj */ = {isa = PBXFileReference; fileEncoding = 4; lastKnownFileType = text; path = horse.fine.90k.obj; sourceTree = "<group>"; };
		2428B6F71DE91FF80005ABE1 /* kitten.50k.obj */ = {isa = PBXFileReference; fileEncoding = 4; lastKnownFileType = text; path = kitten.50k.obj; sourceTree = "<group>"; };
		2428B6F81DE91FF80005ABE1 /* cube.obj */ = {isa = PBXFileReference; fileEncoding = 4; lastKnownFileType = text; path = cube.obj; sourceTree = "<group>"; };
		2428B6F91DE91FF80005ABE1 /* fixed.perfect.dragon.100K.0.07.obj */ = {isa = PBXFileReference; fileEncoding = 4; lastKnownFileType = text; path = fixed.perfect.dragon.100K.0.07.obj; sourceTree = "<group>"; };
		2428B6FA1DE91FF80005ABE1 /* Buddha.obj */ = {isa = PBXFileReference; fileEncoding = 4; lastKnownFileType = text; path = Buddha.obj; sourceTree = "<group>"; };
		2468C3D11DEE776A00E1975C /* libopencv_calib3d.2.4.13.dylib */ = {isa = PBXFileReference; lastKnownFileType = "compiled.mach-o.dylib"; name = libopencv_calib3d.2.4.13.dylib; path = ../../../../../usr/local/lib/libopencv_calib3d.2.4.13.dylib; sourceTree = "<group>"; };
		2468C3D21DEE776A00E1975C /* libopencv_contrib.2.4.13.dylib */ = {isa = PBXFileReference; lastKnownFileType = "compiled.mach-o.dylib"; name = libopencv_contrib.2.4.13.dylib; path = ../../../../../usr/local/lib/libopencv_contrib.2.4.13.dylib; sourceTree = "<group>"; };
		2468C3D31DEE776A00E1975C /* libopencv_core.2.4.13.dylib */ = {isa = PBXFileReference; lastKnownFileType = "compiled.mach-o.dylib"; name = libopencv_core.2.4.13.dylib; path = ../../../../../usr/local/lib/libopencv_core.2.4.13.dylib; sourceTree = "<group>"; };
		2468C3D41DEE776A00E1975C /* libopencv_features2d.2.4.13.dylib */ = {isa = PBXFileReference; lastKnownFileType = "compiled.mach-o.dylib"; name = libopencv_features2d.2.4.13.dylib; path = ../../../../../usr/local/lib/libopencv_features2d.2.4.13.dylib; sourceTree = "<group>"; };
		2468C3D51DEE776A00E1975C /* libopencv_flann.2.4.13.dylib */ = {isa = PBXFileReference; lastKnownFileType = "compiled.mach-o.dylib"; name = libopencv_flann.2.4.13.dylib; path = ../../../../../usr/local/lib/libopencv_flann.2.4.13.dylib; sourceTree = "<group>"; };
		2468C3D61DEE776A00E1975C /* libopencv_gpu.2.4.13.dylib */ = {isa = PBXFileReference; lastKnownFileType = "compiled.mach-o.dylib"; name = libopencv_gpu.2.4.13.dylib; path = ../../../../../usr/local/lib/libopencv_gpu.2.4.13.dylib; sourceTree = "<group>"; };
		2468C3D71DEE776A00E1975C /* libopencv_highgui.2.4.13.dylib */ = {isa = PBXFileReference; lastKnownFileType = "compiled.mach-o.dylib"; name = libopencv_highgui.2.4.13.dylib; path = ../../../../../usr/local/lib/libopencv_highgui.2.4.13.dylib; sourceTree = "<group>"; };
		2468C3D81DEE776A00E1975C /* libopencv_imgproc.2.4.13.dylib */ = {isa = PBXFileReference; lastKnownFileType = "compiled.mach-o.dylib"; name = libopencv_imgproc.2.4.13.dylib; path = ../../../../../usr/local/lib/libopencv_imgproc.2.4.13.dylib; sourceTree = "<group>"; };
		2468C3D91DEE776A00E1975C /* libopencv_legacy.2.4.13.dylib */ = {isa = PBXFileReference; lastKnownFileType = "compiled.mach-o.dylib"; name = libopencv_legacy.2.4.13.dylib; path = ../../../../../usr/local/lib/libopencv_legacy.2.4.13.dylib; sourceTree = "<group>"; };
		2468C3DA1DEE776A00E1975C /* libopencv_ml.2.4.13.dylib */ = {isa = PBXFileReference; lastKnownFileType = "compiled.mach-o.dylib"; name = libopencv_ml.2.4.13.dylib; path = ../../../../../usr/local/lib/libopencv_ml.2.4.13.dylib; sourceTree = "<group>"; };
		2468C3DB1DEE776A00E1975C /* libopencv_nonfree.2.4.13.dylib */ = {isa = PBXFileReference; lastKnownFileType = "compiled.mach-o.dylib"; name = libopencv_nonfree.2.4.13.dylib; path = ../../../../../usr/local/lib/libopencv_nonfree.2.4.13.dylib; sourceTree = "<group>"; };
		2468C3DC1DEE776A00E1975C /* libopencv_objdetect.2.4.13.dylib */ = {isa = PBXFileReference; lastKnownFileType = "compiled.mach-o.dylib"; name = libopencv_objdetect.2.4.13.dylib; path = ../../../../../usr/local/lib/libopencv_objdetect.2.4.13.dylib; sourceTree = "<group>"; };
		2468C3DD1DEE776A00E1975C /* libopencv_ocl.2.4.13.dylib */ = {isa = PBXFileReference; lastKnownFileType = "compiled.mach-o.dylib"; name = libopencv_ocl.2.4.13.dylib; path = ../../../../../usr/local/lib/libopencv_ocl.2.4.13.dylib; sourceTree = "<group>"; };
		2468C3DE1DEE776A00E1975C /* libopencv_photo.2.4.13.dylib */ = {isa = PBXFileReference; lastKnownFileType = "compiled.mach-o.dylib"; name = libopencv_photo.2.4.13.dylib; path = ../../../../../usr/local/lib/libopencv_photo.2.4.13.dylib; sourceTree = "<group>"; };
		2468C3DF1DEE776A00E1975C /* libopencv_stitching.2.4.13.dylib */ = {isa = PBXFileReference; lastKnownFileType = "compiled.mach-o.dylib"; name = libopencv_stitching.2.4.13.dylib; path = ../../../../../usr/local/lib/libopencv_stitching.2.4.13.dylib; sourceTree = "<group>"; };
		2468C3E01DEE776A00E1975C /* libopencv_superres.2.4.13.dylib */ = {isa = PBXFileReference; lastKnownFileType = "compiled.mach-o.dylib"; name = libopencv_superres.2.4.13.dylib; path = ../../../../../usr/local/lib/libopencv_superres.2.4.13.dylib; sourceTree = "<group>"; };
		2468C3E11DEE776A00E1975C /* libopencv_video.2.4.13.dylib */ = {isa = PBXFileReference; lastKnownFileType = "compiled.mach-o.dylib"; name = libopencv_video.2.4.13.dylib; path = ../../../../../usr/local/lib/libopencv_video.2.4.13.dylib; sourceTree = "<group>"; };
		2468C3E21DEE776A00E1975C /* libopencv_videostab.2.4.13.dylib */ = {isa = PBXFileReference; lastKnownFileType = "compiled.mach-o.dylib"; name = libopencv_videostab.2.4.13.dylib; path = ../../../../../usr/local/lib/libopencv_videostab.2.4.13.dylib; sourceTree = "<group>"; };
		2468C3E31DEE776A00E1975C /* libopencv_calib3d.2.4.13.dylib */ = {isa = PBXFileReference; lastKnownFileType = "compiled.mach-o.dylib"; name = libopencv_calib3d.2.4.13.dylib; path = ../../../../../usr/local/lib/libopencv_calib3d.2.4.13.dylib; sourceTree = "<group>"; };
		2468C3E41DEE776A00E1975C /* libopencv_calib3d.2.4.13.dylib */ = {isa = PBXFileReference; lastKnownFileType = "compiled.mach-o.dylib"; name = libopencv_calib3d.2.4.13.dylib; path = ../../../../../usr/local/lib/libopencv_calib3d.2.4.13.dylib; sourceTree = "<group>"; };
		2468C3E51DEE776A00E1975C /* libopencv_contrib.2.4.13.dylib */ = {isa = PBXFileReference; lastKnownFileType = "compiled.mach-o.dylib"; name = libopencv_contrib.2.4.13.dylib; path = ../../../../../usr/local/lib/libopencv_contrib.2.4.13.dylib; sourceTree = "<group>"; };
		2468C3E61DEE776A00E1975C /* libopencv_contrib.2.4.13.dylib */ = {isa = PBXFileReference; lastKnownFileType = "compiled.mach-o.dylib"; name = libopencv_contrib.2.4.13.dylib; path = ../../../../../usr/local/lib/libopencv_contrib.2.4.13.dylib; sourceTree = "<group>"; };
		2468C3E71DEE776A00E1975C /* libopencv_core.2.4.13.dylib */ = {isa = PBXFileReference; lastKnownFileType = "compiled.mach-o.dylib"; name = libopencv_core.2.4.13.dylib; path = ../../../../../usr/local/lib/libopencv_core.2.4.13.dylib; sourceTree = "<group>"; };
		2468C3E81DEE776A00E1975C /* libopencv_features2d.2.4.13.dylib */ = {isa = PBXFileReference; lastKnownFileType = "compiled.mach-o.dylib"; name = libopencv_features2d.2.4.13.dylib; path = ../../../../../usr/local/lib/libopencv_features2d.2.4.13.dylib; sourceTree = "<group>"; };
		2468C3E91DEE776A00E1975C /* libopencv_features2d.2.4.13.dylib */ = {isa = PBXFileReference; lastKnownFileType = "compiled.mach-o.dylib"; name = libopencv_features2d.2.4.13.dylib; path = ../../../../../usr/local/lib/libopencv_features2d.2.4.13.dylib; sourceTree = "<group>"; };
		2468C3EA1DEE776A00E1975C /* libopencv_flann.2.4.13.dylib */ = {isa = PBXFileReference; lastKnownFileType = "compiled.mach-o.dylib"; name = libopencv_flann.2.4.13.dylib; path = ../../../../../usr/local/lib/libopencv_flann.2.4.13.dylib; sourceTree = "<group>"; };
		2468C3EB1DEE776A00E1975C /* libopencv_flann.2.4.13.dylib */ = {isa = PBXFileReference; lastKnownFileType = "compiled.mach-o.dylib"; name = libopencv_flann.2.4.13.dylib; path = ../../../../../usr/local/lib/libopencv_flann.2.4.13.dylib; sourceTree = "<group>"; };
		2468C3EC1DEE776A00E1975C /* libopencv_gpu.2.4.13.dylib */ = {isa = PBXFileReference; lastKnownFileType = "compiled.mach-o.dylib"; name = libopencv_gpu.2.4.13.dylib; path = ../../../../../usr/local/lib/libopencv_gpu.2.4.13.dylib; sourceTree = "<group>"; };
		2468C3ED1DEE776A00E1975C /* libopencv_gpu.2.4.13.dylib */ = {isa = PBXFileReference; lastKnownFileType = "compiled.mach-o.dylib"; name = libopencv_gpu.2.4.13.dylib; path = ../../../../../usr/local/lib/libopencv_gpu.2.4.13.dylib; sourceTree = "<group>"; };
		2468C3EE1DEE776A00E1975C /* libopencv_highgui.2.4.13.dylib */ = {isa = PBXFileReference; lastKnownFileType = "compiled.mach-o.dylib"; name = libopencv_highgui.2.4.13.dylib; path = ../../../../../usr/local/lib/libopencv_highgui.2.4.13.dylib; sourceTree = "<group>"; };
		2468C3EF1DEE776A00E1975C /* libopencv_highgui.2.4.13.dylib */ = {isa = PBXFileReference; lastKnownFileType = "compiled.mach-o.dylib"; name = libopencv_highgui.2.4.13.dylib; path = ../../../../../usr/local/lib/libopencv_highgui.2.4.13.dylib; sourceTree = "<group>"; };
		2468C3F01DEE776A00E1975C /* libopencv_imgproc.2.4.13.dylib */ = {isa = PBXFileReference; lastKnownFileType = "compiled.mach-o.dylib"; name = libopencv_imgproc.2.4.13.dylib; path = ../../../../../usr/local/lib/libopencv_imgproc.2.4.13.dylib; sourceTree = "<group>"; };
		2468C3F11DEE776A00E1975C /* libopencv_imgproc.2.4.13.dylib */ = {isa = PBXFileReference; lastKnownFileType = "compiled.mach-o.dylib"; name = libopencv_imgproc.2.4.13.dylib; path = ../../../../../usr/local/lib/libopencv_imgproc.2.4.13.dylib; sourceTree = "<group>"; };
		2468C3F21DEE776A00E1975C /* libopencv_legacy.2.4.13.dylib */ = {isa = PBXFileReference; lastKnownFileType = "compiled.mach-o.dylib"; name = libopencv_legacy.2.4.13.dylib; path = ../../../../../usr/local/lib/libopencv_legacy.2.4.13.dylib; sourceTree = "<group>"; };
		2468C3F31DEE776A00E1975C /* libopencv_legacy.2.4.13.dylib */ = {isa = PBXFileReference; lastKnownFileType = "compiled.mach-o.dylib"; name = libopencv_legacy.2.4.13.dylib; path = ../../../../../usr/local/lib/libopencv_legacy.2.4.13.dylib; sourceTree = "<group>"; };
		2468C3F41DEE776A00E1975C /* libopencv_ml.2.4.13.dylib */ = {isa = PBXFileReference; lastKnownFileType = "compiled.mach-o.dylib"; name = libopencv_ml.2.4.13.dylib; path = ../../../../../usr/local/lib/libopencv_ml.2.4.13.dylib; sourceTree = "<group>"; };
		2468C3F51DEE776A00E1975C /* libopencv_ml.2.4.13.dylib */ = {isa = PBXFileReference; lastKnownFileType = "compiled.mach-o.dylib"; name = libopencv_ml.2.4.13.dylib; path = ../../../../../usr/local/lib/libopencv_ml.2.4.13.dylib; sourceTree = "<group>"; };
		2468C3F61DEE776A00E1975C /* libopencv_nonfree.2.4.13.dylib */ = {isa = PBXFileReference; lastKnownFileType = "compiled.mach-o.dylib"; name = libopencv_nonfree.2.4.13.dylib; path = ../../../../../usr/local/lib/libopencv_nonfree.2.4.13.dylib; sourceTree = "<group>"; };
		2468C3F71DEE776A00E1975C /* libopencv_nonfree.2.4.13.dylib */ = {isa = PBXFileReference; lastKnownFileType = "compiled.mach-o.dylib"; name = libopencv_nonfree.2.4.13.dylib; path = ../../../../../usr/local/lib/libopencv_nonfree.2.4.13.dylib; sourceTree = "<group>"; };
		2468C3F81DEE776A00E1975C /* libopencv_objdetect.2.4.13.dylib */ = {isa = PBXFileReference; lastKnownFileType = "compiled.mach-o.dylib"; name = libopencv_objdetect.2.4.13.dylib; path = ../../../../../usr/local/lib/libopencv_objdetect.2.4.13.dylib; sourceTree = "<group>"; };
		2468C3F91DEE776A00E1975C /* libopencv_objdetect.2.4.13.dylib */ = {isa = PBXFileReference; lastKnownFileType = "compiled.mach-o.dylib"; name = libopencv_objdetect.2.4.13.dylib; path = ../../../../../usr/local/lib/libopencv_objdetect.2.4.13.dylib; sourceTree = "<group>"; };
		2468C3FA1DEE776A00E1975C /* libopencv_ocl.2.4.13.dylib */ = {isa = PBXFileReference; lastKnownFileType = "compiled.mach-o.dylib"; name = libopencv_ocl.2.4.13.dylib; path = ../../../../../usr/local/lib/libopencv_ocl.2.4.13.dylib; sourceTree = "<group>"; };
		2468C3FB1DEE776A00E1975C /* libopencv_ocl.2.4.13.dylib */ = {isa = PBXFileReference; lastKnownFileType = "compiled.mach-o.dylib"; name = libopencv_ocl.2.4.13.dylib; path = ../../../../../usr/local/lib/libopencv_ocl.2.4.13.dylib; sourceTree = "<group>"; };
		2468C3FC1DEE776A00E1975C /* libopencv_photo.2.4.13.dylib */ = {isa = PBXFileReference; lastKnownFileType = "compiled.mach-o.dylib"; name = libopencv_photo.2.4.13.dylib; path = ../../../../../usr/local/lib/libopencv_photo.2.4.13.dylib; sourceTree = "<group>"; };
		2468C3FD1DEE776A00E1975C /* libopencv_photo.2.4.13.dylib */ = {isa = PBXFileReference; lastKnownFileType = "compiled.mach-o.dylib"; name = libopencv_photo.2.4.13.dylib; path = ../../../../../usr/local/lib/libopencv_photo.2.4.13.dylib; sourceTree = "<group>"; };
		2468C3FE1DEE776A00E1975C /* libopencv_stitching.2.4.13.dylib */ = {isa = PBXFileReference; lastKnownFileType = "compiled.mach-o.dylib"; name = libopencv_stitching.2.4.13.dylib; path = ../../../../../usr/local/lib/libopencv_stitching.2.4.13.dylib; sourceTree = "<group>"; };
		2468C3FF1DEE776A00E1975C /* libopencv_stitching.2.4.13.dylib */ = {isa = PBXFileReference; lastKnownFileType = "compiled.mach-o.dylib"; name = libopencv_stitching.2.4.13.dylib; path = ../../../../../usr/local/lib/libopencv_stitching.2.4.13.dylib; sourceTree = "<group>"; };
		2468C4001DEE776A00E1975C /* libopencv_superres.2.4.13.dylib */ = {isa = PBXFileReference; lastKnownFileType = "compiled.mach-o.dylib"; name = libopencv_superres.2.4.13.dylib; path = ../../../../../usr/local/lib/libopencv_superres.2.4.13.dylib; sourceTree = "<group>"; };
		2468C4011DEE776A00E1975C /* libopencv_superres.2.4.13.dylib */ = {isa = PBXFileReference; lastKnownFileType = "compiled.mach-o.dylib"; name = libopencv_superres.2.4.13.dylib; path = ../../../../../usr/local/lib/libopencv_superres.2.4.13.dylib; sourceTree = "<group>"; };
		2468C4021DEE776A00E1975C /* libopencv_video.2.4.13.dylib */ = {isa = PBXFileReference; lastKnownFileType = "compiled.mach-o.dylib"; name = libopencv_video.2.4.13.dylib; path = ../../../../../usr/local/lib/libopencv_video.2.4.13.dylib; sourceTree = "<group>"; };
		2468C4031DEE776A00E1975C /* libopencv_video.2.4.13.dylib */ = {isa = PBXFileReference; lastKnownFileType = "compiled.mach-o.dylib"; name = libopencv_video.2.4.13.dylib; path = ../../../../../usr/local/lib/libopencv_video.2.4.13.dylib; sourceTree = "<group>"; };
		2468C4041DEE776A00E1975C /* libopencv_videostab.2.4.13.dylib */ = {isa = PBXFileReference; lastKnownFileType = "compiled.mach-o.dylib"; name = libopencv_videostab.2.4.13.dylib; path = ../../../../../usr/local/lib/libopencv_videostab.2.4.13.dylib; sourceTree = "<group>"; };
		2468C4051DEE776A00E1975C /* libopencv_videostab.2.4.13.dylib */ = {isa = PBXFileReference; lastKnownFileType = "compiled.mach-o.dylib"; name = libopencv_videostab.2.4.13.dylib; path = ../../../../../usr/local/lib/libopencv_videostab.2.4.13.dylib; sourceTree = "<group>"; };
		2468C4061DEE776A00E1975C /* libopencv_core.2.4.13.dylib */ = {isa = PBXFileReference; lastKnownFileType = "compiled.mach-o.dylib"; name = libopencv_core.2.4.13.dylib; path = ../../../../../usr/local/lib/libopencv_core.2.4.13.dylib; sourceTree = "<group>"; };
/* End PBXFileReference section */

/* Begin PBXFrameworksBuildPhase section */
		2428B6CD1DE914730005ABE1 /* Frameworks */ = {
			isa = PBXFrameworksBuildPhase;
			buildActionMask = 2147483647;
			files = (
				2468C4231DEE776A00E1975C /* libopencv_gpu.2.4.13.dylib in Frameworks */,
				2468C40B1DEE776A00E1975C /* libopencv_flann.2.4.13.dylib in Frameworks */,
				2468C4291DEE776A00E1975C /* libopencv_legacy.2.4.13.dylib in Frameworks */,
				2468C42F1DEE776A00E1975C /* libopencv_objdetect.2.4.13.dylib in Frameworks */,
				2468C4331DEE776A00E1975C /* libopencv_photo.2.4.13.dylib in Frameworks */,
				2468C4191DEE776A00E1975C /* libopencv_calib3d.2.4.13.dylib in Frameworks */,
				2468C4341DEE776A00E1975C /* libopencv_stitching.2.4.13.dylib in Frameworks */,
				2468C4151DEE776A00E1975C /* libopencv_stitching.2.4.13.dylib in Frameworks */,
				2468C40C1DEE776A00E1975C /* libopencv_gpu.2.4.13.dylib in Frameworks */,
				2468C4111DEE776A00E1975C /* libopencv_nonfree.2.4.13.dylib in Frameworks */,
				2468C43B1DEE776A00E1975C /* libopencv_videostab.2.4.13.dylib in Frameworks */,
				2468C4261DEE776A00E1975C /* libopencv_imgproc.2.4.13.dylib in Frameworks */,
				2468C42C1DEE776A00E1975C /* libopencv_nonfree.2.4.13.dylib in Frameworks */,
				2468C4131DEE776A00E1975C /* libopencv_ocl.2.4.13.dylib in Frameworks */,
				2468C4301DEE776A00E1975C /* libopencv_ocl.2.4.13.dylib in Frameworks */,
				2468C42A1DEE776A00E1975C /* libopencv_ml.2.4.13.dylib in Frameworks */,
				2468C4361DEE776A00E1975C /* libopencv_superres.2.4.13.dylib in Frameworks */,
				2468C4371DEE776A00E1975C /* libopencv_superres.2.4.13.dylib in Frameworks */,
				2468C4201DEE776A00E1975C /* libopencv_flann.2.4.13.dylib in Frameworks */,
				2468C41C1DEE776A00E1975C /* libopencv_contrib.2.4.13.dylib in Frameworks */,
				2468C4271DEE776A00E1975C /* libopencv_imgproc.2.4.13.dylib in Frameworks */,
				2468C42E1DEE776A00E1975C /* libopencv_objdetect.2.4.13.dylib in Frameworks */,
				2468C4281DEE776A00E1975C /* libopencv_legacy.2.4.13.dylib in Frameworks */,
				2468C41E1DEE776A00E1975C /* libopencv_features2d.2.4.13.dylib in Frameworks */,
				2468C4081DEE776A00E1975C /* libopencv_contrib.2.4.13.dylib in Frameworks */,
				2468C41A1DEE776A00E1975C /* libopencv_calib3d.2.4.13.dylib in Frameworks */,
				2468C4101DEE776A00E1975C /* libopencv_ml.2.4.13.dylib in Frameworks */,
				2468C4381DEE776A00E1975C /* libopencv_video.2.4.13.dylib in Frameworks */,
				2468C4071DEE776A00E1975C /* libopencv_calib3d.2.4.13.dylib in Frameworks */,
				2468C4221DEE776A00E1975C /* libopencv_gpu.2.4.13.dylib in Frameworks */,
				2468C4141DEE776A00E1975C /* libopencv_photo.2.4.13.dylib in Frameworks */,
				2468C4171DEE776A00E1975C /* libopencv_video.2.4.13.dylib in Frameworks */,
				2468C40D1DEE776A00E1975C /* libopencv_highgui.2.4.13.dylib in Frameworks */,
				2468C4251DEE776A00E1975C /* libopencv_highgui.2.4.13.dylib in Frameworks */,
				2468C4241DEE776A00E1975C /* libopencv_highgui.2.4.13.dylib in Frameworks */,
				2468C42D1DEE776A00E1975C /* libopencv_nonfree.2.4.13.dylib in Frameworks */,
				2468C4311DEE776A00E1975C /* libopencv_ocl.2.4.13.dylib in Frameworks */,
				2468C43A1DEE776A00E1975C /* libopencv_videostab.2.4.13.dylib in Frameworks */,
				2468C41D1DEE776A00E1975C /* libopencv_core.2.4.13.dylib in Frameworks */,
				2468C4091DEE776A00E1975C /* libopencv_core.2.4.13.dylib in Frameworks */,
				2468C40F1DEE776A00E1975C /* libopencv_legacy.2.4.13.dylib in Frameworks */,
				2468C43C1DEE776A00E1975C /* libopencv_core.2.4.13.dylib in Frameworks */,
				2468C41B1DEE776A00E1975C /* libopencv_contrib.2.4.13.dylib in Frameworks */,
				2468C4211DEE776A00E1975C /* libopencv_flann.2.4.13.dylib in Frameworks */,
				2468C4351DEE776A00E1975C /* libopencv_stitching.2.4.13.dylib in Frameworks */,
				2468C40E1DEE776A00E1975C /* libopencv_imgproc.2.4.13.dylib in Frameworks */,
				2468C4391DEE776A00E1975C /* libopencv_video.2.4.13.dylib in Frameworks */,
				2468C4321DEE776A00E1975C /* libopencv_photo.2.4.13.dylib in Frameworks */,
				2468C4121DEE776A00E1975C /* libopencv_objdetect.2.4.13.dylib in Frameworks */,
				2468C40A1DEE776A00E1975C /* libopencv_features2d.2.4.13.dylib in Frameworks */,
				2468C42B1DEE776A00E1975C /* libopencv_ml.2.4.13.dylib in Frameworks */,
				2468C41F1DEE776A00E1975C /* libopencv_features2d.2.4.13.dylib in Frameworks */,
				2468C4181DEE776A00E1975C /* libopencv_videostab.2.4.13.dylib in Frameworks */,
				2468C4161DEE776A00E1975C /* libopencv_superres.2.4.13.dylib in Frameworks */,
			);
			runOnlyForDeploymentPostprocessing = 0;
		};
/* End PBXFrameworksBuildPhase section */

/* Begin PBXGroup section */
		2428B6C71DE914730005ABE1 = {
			isa = PBXGroup;
			children = (
				2468C3D11DEE776A00E1975C /* libopencv_calib3d.2.4.13.dylib */,
				2468C3D21DEE776A00E1975C /* libopencv_contrib.2.4.13.dylib */,
				2468C3D31DEE776A00E1975C /* libopencv_core.2.4.13.dylib */,
				2468C3D41DEE776A00E1975C /* libopencv_features2d.2.4.13.dylib */,
				2468C3D51DEE776A00E1975C /* libopencv_flann.2.4.13.dylib */,
				2468C3D61DEE776A00E1975C /* libopencv_gpu.2.4.13.dylib */,
				2468C3D71DEE776A00E1975C /* libopencv_highgui.2.4.13.dylib */,
				2468C3D81DEE776A00E1975C /* libopencv_imgproc.2.4.13.dylib */,
				2468C3D91DEE776A00E1975C /* libopencv_legacy.2.4.13.dylib */,
				2468C3DA1DEE776A00E1975C /* libopencv_ml.2.4.13.dylib */,
				2468C3DB1DEE776A00E1975C /* libopencv_nonfree.2.4.13.dylib */,
				2468C3DC1DEE776A00E1975C /* libopencv_objdetect.2.4.13.dylib */,
				2468C3DD1DEE776A00E1975C /* libopencv_ocl.2.4.13.dylib */,
				2468C3DE1DEE776A00E1975C /* libopencv_photo.2.4.13.dylib */,
				2468C3DF1DEE776A00E1975C /* libopencv_stitching.2.4.13.dylib */,
				2468C3E01DEE776A00E1975C /* libopencv_superres.2.4.13.dylib */,
				2468C3E11DEE776A00E1975C /* libopencv_video.2.4.13.dylib */,
				2468C3E21DEE776A00E1975C /* libopencv_videostab.2.4.13.dylib */,
				2468C3E31DEE776A00E1975C /* libopencv_calib3d.2.4.13.dylib */,
				2468C3E41DEE776A00E1975C /* libopencv_calib3d.2.4.13.dylib */,
				2468C3E51DEE776A00E1975C /* libopencv_contrib.2.4.13.dylib */,
				2468C3E61DEE776A00E1975C /* libopencv_contrib.2.4.13.dylib */,
				2468C3E71DEE776A00E1975C /* libopencv_core.2.4.13.dylib */,
				2468C3E81DEE776A00E1975C /* libopencv_features2d.2.4.13.dylib */,
				2468C3E91DEE776A00E1975C /* libopencv_features2d.2.4.13.dylib */,
				2468C3EA1DEE776A00E1975C /* libopencv_flann.2.4.13.dylib */,
				2468C3EB1DEE776A00E1975C /* libopencv_flann.2.4.13.dylib */,
				2468C3EC1DEE776A00E1975C /* libopencv_gpu.2.4.13.dylib */,
				2468C3ED1DEE776A00E1975C /* libopencv_gpu.2.4.13.dylib */,
				2468C3EE1DEE776A00E1975C /* libopencv_highgui.2.4.13.dylib */,
				2468C3EF1DEE776A00E1975C /* libopencv_highgui.2.4.13.dylib */,
				2468C3F01DEE776A00E1975C /* libopencv_imgproc.2.4.13.dylib */,
				2468C3F11DEE776A00E1975C /* libopencv_imgproc.2.4.13.dylib */,
				2468C3F21DEE776A00E1975C /* libopencv_legacy.2.4.13.dylib */,
				2468C3F31DEE776A00E1975C /* libopencv_legacy.2.4.13.dylib */,
				2468C3F41DEE776A00E1975C /* libopencv_ml.2.4.13.dylib */,
				2468C3F51DEE776A00E1975C /* libopencv_ml.2.4.13.dylib */,
				2468C3F61DEE776A00E1975C /* libopencv_nonfree.2.4.13.dylib */,
				2468C3F71DEE776A00E1975C /* libopencv_nonfree.2.4.13.dylib */,
				2468C3F81DEE776A00E1975C /* libopencv_objdetect.2.4.13.dylib */,
				2468C3F91DEE776A00E1975C /* libopencv_objdetect.2.4.13.dylib */,
				2468C3FA1DEE776A00E1975C /* libopencv_ocl.2.4.13.dylib */,
				2468C3FB1DEE776A00E1975C /* libopencv_ocl.2.4.13.dylib */,
				2468C3FC1DEE776A00E1975C /* libopencv_photo.2.4.13.dylib */,
				2468C3FD1DEE776A00E1975C /* libopencv_photo.2.4.13.dylib */,
				2468C3FE1DEE776A00E1975C /* libopencv_stitching.2.4.13.dylib */,
				2468C3FF1DEE776A00E1975C /* libopencv_stitching.2.4.13.dylib */,
				2468C4001DEE776A00E1975C /* libopencv_superres.2.4.13.dylib */,
				2468C4011DEE776A00E1975C /* libopencv_superres.2.4.13.dylib */,
				2468C4021DEE776A00E1975C /* libopencv_video.2.4.13.dylib */,
				2468C4031DEE776A00E1975C /* libopencv_video.2.4.13.dylib */,
				2468C4041DEE776A00E1975C /* libopencv_videostab.2.4.13.dylib */,
				2468C4051DEE776A00E1975C /* libopencv_videostab.2.4.13.dylib */,
				2468C4061DEE776A00E1975C /* libopencv_core.2.4.13.dylib */,
				2428B6D21DE914730005ABE1 /* mesh_simp */,
				2428B6D11DE914730005ABE1 /* Products */,
			);
			sourceTree = "<group>";
		};
		2428B6D11DE914730005ABE1 /* Products */ = {
			isa = PBXGroup;
			children = (
				2428B6D01DE914730005ABE1 /* mesh_simp */,
			);
			name = Products;
			sourceTree = "<group>";
		};
		2428B6D21DE914730005ABE1 /* mesh_simp */ = {
			isa = PBXGroup;
			children = (
				2428B6EF1DE91FF80005ABE1 /* Arma.obj */,
				2428B6F01DE91FF80005ABE1 /* sphere.obj */,
				2428B6F11DE91FF80005ABE1 /* block.obj */,
				2428B6F21DE91FF80005ABE1 /* rocker-arm.18k.obj */,
				2428B6F31DE91FF80005ABE1 /* fandisk.18k.obj */,
				2428B6F41DE91FF80005ABE1 /* bunny.fine.obj */,
				2428B6F51DE91FF80005ABE1 /* dinosaur.2k.obj */,
				2428B6F61DE91FF80005ABE1 /* horse.fine.90k.obj */,
				2428B6F71DE91FF80005ABE1 /* kitten.50k.obj */,
				2428B6F81DE91FF80005ABE1 /* cube.obj */,
				2428B6F91DE91FF80005ABE1 /* fixed.perfect.dragon.100K.0.07.obj */,
				2428B6FA1DE91FF80005ABE1 /* Buddha.obj */,
				2428B6D31DE914730005ABE1 /* main.cpp */,
				2428B6DA1DE9149E0005ABE1 /* SimpleObject.cpp */,
				2428B6DB1DE9149E0005ABE1 /* SimpleObject.h */,
				2428B6DD1DE9150F0005ABE1 /* Vec3f.cpp */,
				2428B6DE1DE9150F0005ABE1 /* Vec3f.h */,
			);
			path = mesh_simp;
			sourceTree = "<group>";
		};
/* End PBXGroup section */

/* Begin PBXNativeTarget section */
		2428B6CF1DE914730005ABE1 /* mesh_simp */ = {
			isa = PBXNativeTarget;
			buildConfigurationList = 2428B6D71DE914730005ABE1 /* Build configuration list for PBXNativeTarget "mesh_simp" */;
			buildPhases = (
				2428B6CC1DE914730005ABE1 /* Sources */,
				2428B6CD1DE914730005ABE1 /* Frameworks */,
				2428B6CE1DE914730005ABE1 /* CopyFiles */,
			);
			buildRules = (
			);
			dependencies = (
			);
			name = mesh_simp;
			productName = mesh_simp;
			productReference = 2428B6D01DE914730005ABE1 /* mesh_simp */;
			productType = "com.apple.product-type.tool";
		};
/* End PBXNativeTarget section */

/* Begin PBXProject section */
		2428B6C81DE914730005ABE1 /* Project object */ = {
			isa = PBXProject;
			attributes = {
				LastUpgradeCheck = 0810;
				ORGANIZATIONNAME = litianhong;
				TargetAttributes = {
					2428B6CF1DE914730005ABE1 = {
						CreatedOnToolsVersion = 8.1;
						ProvisioningStyle = Automatic;
					};
				};
			};
			buildConfigurationList = 2428B6CB1DE914730005ABE1 /* Build configuration list for PBXProject "mesh_simp" */;
			compatibilityVersion = "Xcode 3.2";
			developmentRegion = English;
			hasScannedForEncodings = 0;
			knownRegions = (
				en,
			);
			mainGroup = 2428B6C71DE914730005ABE1;
			productRefGroup = 2428B6D11DE914730005ABE1 /* Products */;
			projectDirPath = "";
			projectRoot = "";
			targets = (
				2428B6CF1DE914730005ABE1 /* mesh_simp */,
			);
		};
/* End PBXProject section */

/* Begin PBXSourcesBuildPhase section */
		2428B6CC1DE914730005ABE1 /* Sources */ = {
			isa = PBXSourcesBuildPhase;
			buildActionMask = 2147483647;
			files = (
				2428B6DC1DE9149E0005ABE1 /* SimpleObject.cpp in Sources */,
				2428B6D41DE914730005ABE1 /* main.cpp in Sources */,
				2428B6DF1DE9150F0005ABE1 /* Vec3f.cpp in Sources */,
			);
			runOnlyForDeploymentPostprocessing = 0;
		};
/* End PBXSourcesBuildPhase section */

/* Begin XCBuildConfiguration section */
		2428B6D51DE914730005ABE1 /* Debug */ = {
			isa = XCBuildConfiguration;
			buildSettings = {
				ALWAYS_SEARCH_USER_PATHS = NO;
				CLANG_ANALYZER_NONNULL = YES;
				CLANG_CXX_LANGUAGE_STANDARD = "gnu++0x";
				CLANG_CXX_LIBRARY = "libc++";
				CLANG_ENABLE_MODULES = YES;
				CLANG_ENABLE_OBJC_ARC = YES;
				CLANG_WARN_BOOL_CONVERSION = YES;
				CLANG_WARN_CONSTANT_CONVERSION = YES;
				CLANG_WARN_DIRECT_OBJC_ISA_USAGE = YES_ERROR;
				CLANG_WARN_DOCUMENTATION_COMMENTS = YES;
				CLANG_WARN_EMPTY_BODY = YES;
				CLANG_WARN_ENUM_CONVERSION = YES;
				CLANG_WARN_INFINITE_RECURSION = YES;
				CLANG_WARN_INT_CONVERSION = YES;
				CLANG_WARN_OBJC_ROOT_CLASS = YES_ERROR;
				CLANG_WARN_SUSPICIOUS_MOVES = YES;
				CLANG_WARN_UNREACHABLE_CODE = YES;
				CLANG_WARN__DUPLICATE_METHOD_MATCH = YES;
				CODE_SIGN_IDENTITY = "-";
				COPY_PHASE_STRIP = NO;
				DEBUG_INFORMATION_FORMAT = dwarf;
				ENABLE_STRICT_OBJC_MSGSEND = YES;
				ENABLE_TESTABILITY = YES;
				GCC_C_LANGUAGE_STANDARD = gnu99;
				GCC_DYNAMIC_NO_PIC = NO;
				GCC_NO_COMMON_BLOCKS = YES;
				GCC_OPTIMIZATION_LEVEL = 0;
				GCC_PREPROCESSOR_DEFINITIONS = (
					"DEBUG=1",
					"$(inherited)",
				);
				GCC_WARN_64_TO_32_BIT_CONVERSION = YES;
				GCC_WARN_ABOUT_RETURN_TYPE = YES_ERROR;
				GCC_WARN_UNDECLARED_SELECTOR = YES;
				GCC_WARN_UNINITIALIZED_AUTOS = YES_AGGRESSIVE;
				GCC_WARN_UNUSED_FUNCTION = YES;
				GCC_WARN_UNUSED_VARIABLE = YES;
				MACOSX_DEPLOYMENT_TARGET = 10.12;
				MTL_ENABLE_DEBUG_INFO = YES;
				ONLY_ACTIVE_ARCH = YES;
				SDKROOT = macosx;
			};
			name = Debug;
		};
		2428B6D61DE914730005ABE1 /* Release */ = {
			isa = XCBuildConfiguration;
			buildSettings = {
				ALWAYS_SEARCH_USER_PATHS = NO;
				CLANG_ANALYZER_NONNULL = YES;
				CLANG_CXX_LANGUAGE_STANDARD = "gnu++0x";
				CLANG_CXX_LIBRARY = "libc++";
				CLANG_ENABLE_MODULES = YES;
				CLANG_ENABLE_OBJC_ARC = YES;
				CLANG_WARN_BOOL_CONVERSION = YES;
				CLANG_WARN_CONSTANT_CONVERSION = YES;
				CLANG_WARN_DIRECT_OBJC_ISA_USAGE = YES_ERROR;
				CLANG_WARN_DOCUMENTATION_COMMENTS = YES;
				CLANG_WARN_EMPTY_BODY = YES;
				CLANG_WARN_ENUM_CONVERSION = YES;
				CLANG_WARN_INFINITE_RECURSION = YES;
				CLANG_WARN_INT_CONVERSION = YES;
				CLANG_WARN_OBJC_ROOT_CLASS = YES_ERROR;
				CLANG_WARN_SUSPICIOUS_MOVES = YES;
				CLANG_WARN_UNREACHABLE_CODE = YES;
				CLANG_WARN__DUPLICATE_METHOD_MATCH = YES;
				CODE_SIGN_IDENTITY = "-";
				COPY_PHASE_STRIP = NO;
				DEBUG_INFORMATION_FORMAT = "dwarf-with-dsym";
				ENABLE_NS_ASSERTIONS = NO;
				ENABLE_STRICT_OBJC_MSGSEND = YES;
				GCC_C_LANGUAGE_STANDARD = gnu99;
				GCC_NO_COMMON_BLOCKS = YES;
				GCC_WARN_64_TO_32_BIT_CONVERSION = YES;
				GCC_WARN_ABOUT_RETURN_TYPE = YES_ERROR;
				GCC_WARN_UNDECLARED_SELECTOR = YES;
				GCC_WARN_UNINITIALIZED_AUTOS = YES_AGGRESSIVE;
				GCC_WARN_UNUSED_FUNCTION = YES;
				GCC_WARN_UNUSED_VARIABLE = YES;
				MACOSX_DEPLOYMENT_TARGET = 10.12;
				MTL_ENABLE_DEBUG_INFO = NO;
				SDKROOT = macosx;
			};
			name = Release;
		};
		2428B6D81DE914730005ABE1 /* Debug */ = {
			isa = XCBuildConfiguration;
			buildSettings = {
				HEADER_SEARCH_PATHS = /usr/local/include;
				LIBRARY_SEARCH_PATHS = /usr/local/lib;
				PRODUCT_NAME = "$(TARGET_NAME)";
			};
			name = Debug;
		};
		2428B6D91DE914730005ABE1 /* Release */ = {
			isa = XCBuildConfiguration;
			buildSettings = {
				HEADER_SEARCH_PATHS = /usr/local/include;
				LIBRARY_SEARCH_PATHS = /usr/local/lib;
				PRODUCT_NAME = "$(TARGET_NAME)";
			};
			name = Release;
		};
/* End XCBuildConfiguration section */

/* Begin XCConfigurationList section */
		2428B6CB1DE914730005ABE1 /* Build configuration list for PBXProject "mesh_simp" */ = {
			isa = XCConfigurationList;
			buildConfigurations = (
				2428B6D51DE914730005ABE1 /* Debug */,
				2428B6D61DE914730005ABE1 /* Release */,
			);
			defaultConfigurationIsVisible = 0;
			defaultConfigurationName = Release;
		};
		2428B6D71DE914730005ABE1 /* Build configuration list for PBXNativeTarget "mesh_simp" */ = {
			isa = XCConfigurationList;
			buildConfigurations = (
				2428B6D81DE914730005ABE1 /* Debug */,
				2428B6D91DE914730005ABE1 /* Release */,
			);
			defaultConfigurationIsVisible = 0;
			defaultConfigurationName = Release;
		};
/* End XCConfigurationList section */
	};
	rootObject = 2428B6C81DE914730005ABE1 /* Project object */;
}
